
Microsoft Visual Studio Solution File, Format Version 12.00
# Visual Studio Version 17
VisualStudioVersion = 17.9.34622.214
MinimumVisualStudioVersion = 10.0.40219.1
Project("{9A19103F-16F7-4668-BE54-9A1E7A4F7556}") = "sf_dotenet_mod", "sf_dotenet_mod\sf_dotenet_mod.csproj", "{37BADC2D-19E0-4245-9EF7-20452443B51A}"
EndProject
Project("{9A19103F-16F7-4668-BE54-9A1E7A4F7556}") = "sf_dotenet_mod.Domain", "sf_dotenet_mod.Domain\sf_dotenet_mod.Domain.csproj", "{205215D1-CBDE-4024-BED5-CAC6581FB664}"
EndProject
Project("{9A19103F-16F7-4668-BE54-9A1E7A4F7556}") = "sf_dotenet_mod.Infrastructure", "sf_dotenet_mod.Infrastructure\sf_dotenet_mod.Infrastructure.csproj", "{1AE8A5DD-3B56-4A2C-9EDC-DB92CA5CBC4E}"
EndProject
Project("{9A19103F-16F7-4668-BE54-9A1E7A4F7556}") = "sf_dotenet_mod.Application", "sf_dotenet_mod.Application\sf_dotenet_mod.Application.csproj", "{8E3AF3A9-5F50-4C55-B7AD-F80011E15C8F}"
EndProject
Project("{E53339B2-1760-4266-BCC7-CA923CBCF16C}") = "docker-compose", "docker-compose.dcproj", "{A0ED2B09-FD14-4A6F-815E-C854CE74B0F5}"
EndProject
Project("{FAE04EC0-301F-11D3-BF4B-00C04F79EFBC}") = "sf_dotenet_mod_testcases", "sf_dotenet_mod_testcases\sf_dotenet_mod_testcases.csproj", "{C0A2AFE1-8D87-42F1-BEDB-4446E18C7404}"
EndProject
Global
	GlobalSection(SolutionConfigurationPlatforms) = preSolution
		Debug|Any CPU = Debug|Any CPU
		Release|Any CPU = Release|Any CPU
	EndGlobalSection
	GlobalSection(ProjectConfigurationPlatforms) = postSolution
		{37BADC2D-19E0-4245-9EF7-20452443B51A}.Debug|Any CPU.ActiveCfg = Debug|Any CPU
		{37BADC2D-19E0-4245-9EF7-20452443B51A}.Debug|Any CPU.Build.0 = Debug|Any CPU
		{37BADC2D-19E0-4245-9EF7-20452443B51A}.Release|Any CPU.ActiveCfg = Release|Any CPU
		{37BADC2D-19E0-4245-9EF7-20452443B51A}.Release|Any CPU.Build.0 = Release|Any CPU
		{205215D1-CBDE-4024-BED5-CAC6581FB664}.Debug|Any CPU.ActiveCfg = Debug|Any CPU
		{205215D1-CBDE-4024-BED5-CAC6581FB664}.Debug|Any CPU.Build.0 = Debug|Any CPU
		{205215D1-CBDE-4024-BED5-CAC6581FB664}.Release|Any CPU.ActiveCfg = Release|Any CPU
		{205215D1-CBDE-4024-BED5-CAC6581FB664}.Release|Any CPU.Build.0 = Release|Any CPU
		{1AE8A5DD-3B56-4A2C-9EDC-DB92CA5CBC4E}.Debug|Any CPU.ActiveCfg = Debug|Any CPU
		{1AE8A5DD-3B56-4A2C-9EDC-DB92CA5CBC4E}.Debug|Any CPU.Build.0 = Debug|Any CPU
		{1AE8A5DD-3B56-4A2C-9EDC-DB92CA5CBC4E}.Release|Any CPU.ActiveCfg = Release|Any CPU
		{1AE8A5DD-3B56-4A2C-9EDC-DB92CA5CBC4E}.Release|Any CPU.Build.0 = Release|Any CPU
		{8E3AF3A9-5F50-4C55-B7AD-F80011E15C8F}.Debug|Any CPU.ActiveCfg = Debug|Any CPU
		{8E3AF3A9-5F50-4C55-B7AD-F80011E15C8F}.Debug|Any CPU.Build.0 = Debug|Any CPU
		{8E3AF3A9-5F50-4C55-B7AD-F80011E15C8F}.Release|Any CPU.ActiveCfg = Release|Any CPU
		{8E3AF3A9-5F50-4C55-B7AD-F80011E15C8F}.Release|Any CPU.Build.0 = Release|Any CPU
		{A0ED2B09-FD14-4A6F-815E-C854CE74B0F5}.Debug|Any CPU.ActiveCfg = Debug|Any CPU
		{A0ED2B09-FD14-4A6F-815E-C854CE74B0F5}.Debug|Any CPU.Build.0 = Debug|Any CPU
		{A0ED2B09-FD14-4A6F-815E-C854CE74B0F5}.Release|Any CPU.ActiveCfg = Release|Any CPU
		{A0ED2B09-FD14-4A6F-815E-C854CE74B0F5}.Release|Any CPU.Build.0 = Release|Any CPU
		{C0A2AFE1-8D87-42F1-BEDB-4446E18C7404}.Debug|Any CPU.ActiveCfg = Debug|Any CPU
		{C0A2AFE1-8D87-42F1-BEDB-4446E18C7404}.Debug|Any CPU.Build.0 = Debug|Any CPU
		{C0A2AFE1-8D87-42F1-BEDB-4446E18C7404}.Release|Any CPU.ActiveCfg = Release|Any CPU
		{C0A2AFE1-8D87-42F1-BEDB-4446E18C7404}.Release|Any CPU.Build.0 = Release|Any CPU
	EndGlobalSection
	GlobalSection(SolutionProperties) = preSolution
		HideSolutionNode = FALSE
	EndGlobalSection
	GlobalSection(ExtensibilityGlobals) = postSolution
		SolutionGuid = {44B48D90-4C6B-4241-AD05-8BDF8242102E}
	EndGlobalSection
EndGlobal
