
Microsoft Visual Studio Solution File, Format Version 12.00
# Visual Studio Version 17
VisualStudioVersion = 17.9.34616.47
MinimumVisualStudioVersion = 10.0.40219.1
Project("{2150E333-8FDC-42A3-9474-1A3956D46DE8}") = "StudentMicroservices", "StudentMicroservices", "{F3FE7F6A-4527-471E-AA06-B9486DB6FA44}"
EndProject
Project("{9A19103F-16F7-4668-BE54-9A1E7A4F7556}") = "EntityFrameworkAPI", "EntityFrameworkAPI\EntityFrameworkAPI.csproj", "{8088500F-D140-470F-A4FF-42D52FCCC4C3}"
EndProject
Project("{9A19103F-16F7-4668-BE54-9A1E7A4F7556}") = "AuthenticationManager", "AuthenticationManager\AuthenticationManager.csproj", "{DCA0E7D4-4317-40CF-9094-7FAD8CEE0F53}"
EndProject
Project("{E53339B2-1760-4266-BCC7-CA923CBCF16C}") = "docker-compose", "docker-compose.dcproj", "{0309AB82-A48E-4CB0-AE2F-276B96D61FDA}"
EndProject
Project("{2150E333-8FDC-42A3-9474-1A3956D46DE8}") = "StudentApiGateway", "StudentApiGateway", "{225B030F-6EA4-4E94-BDC1-25416F7AFD72}"
EndProject
Project("{9A19103F-16F7-4668-BE54-9A1E7A4F7556}") = "StudentAPIGateway", "StudentAPIGateway\StudentAPIGateway.csproj", "{D0EA0A87-4E12-4819-956C-150696A86EEA}"
EndProject
Project("{2150E333-8FDC-42A3-9474-1A3956D46DE8}") = "EntityFramework", "EntityFramework", "{43AE8254-403E-4B10-8130-09F008EBEE96}"
EndProject
Project("{9A19103F-16F7-4668-BE54-9A1E7A4F7556}") = "EntityFrameworkAPI.Core", "..\EntityFramework\EntityFrameworkAPI.Core\EntityFrameworkAPI.Core.csproj", "{B3245555-0F07-4F73-B7D5-A897CE16EAF8}"
EndProject
Project("{9A19103F-16F7-4668-BE54-9A1E7A4F7556}") = "EntityFrameworkAPI.Infrastructure", "..\EntityFramework\EntityFrameworkAPI.Infrastructure\EntityFrameworkAPI.Infrastructure.csproj", "{FA4CEB37-0E69-48B7-BA67-BD72A317CD59}"
EndProject
Project("{2150E333-8FDC-42A3-9474-1A3956D46DE8}") = "Resources", "Resources", "{1297F210-B19B-40B7-9174-3692E761B2DB}"
EndProject
Project("{2150E333-8FDC-42A3-9474-1A3956D46DE8}") = "Images", "Images", "{BFEB020B-435B-4D73-BF8F-8E559C42173B}"
EndProject
Project("{9A19103F-16F7-4668-BE54-9A1E7A4F7556}") = "EntityFrameworkAPI.Services", "..\EntityFrameworkAPI.Services\EntityFrameworkAPI.Services.csproj", "{9E05D6C7-E783-4400-A1F4-14485F606170}"
EndProject
Global
	GlobalSection(SolutionConfigurationPlatforms) = preSolution
		Debug|Any CPU = Debug|Any CPU
		Debug|x64 = Debug|x64
		Debug|x86 = Debug|x86
		Release|Any CPU = Release|Any CPU
		Release|x64 = Release|x64
		Release|x86 = Release|x86
	EndGlobalSection
	GlobalSection(ProjectConfigurationPlatforms) = postSolution
		{8088500F-D140-470F-A4FF-42D52FCCC4C3}.Debug|Any CPU.ActiveCfg = Debug|Any CPU
		{8088500F-D140-470F-A4FF-42D52FCCC4C3}.Debug|Any CPU.Build.0 = Debug|Any CPU
		{8088500F-D140-470F-A4FF-42D52FCCC4C3}.Debug|x64.ActiveCfg = Debug|Any CPU
		{8088500F-D140-470F-A4FF-42D52FCCC4C3}.Debug|x86.ActiveCfg = Debug|x86
		{8088500F-D140-470F-A4FF-42D52FCCC4C3}.Debug|x86.Build.0 = Debug|x86
		{8088500F-D140-470F-A4FF-42D52FCCC4C3}.Release|Any CPU.ActiveCfg = Release|Any CPU
		{8088500F-D140-470F-A4FF-42D52FCCC4C3}.Release|Any CPU.Build.0 = Release|Any CPU
		{8088500F-D140-470F-A4FF-42D52FCCC4C3}.Release|x64.ActiveCfg = Release|Any CPU
		{8088500F-D140-470F-A4FF-42D52FCCC4C3}.Release|x86.ActiveCfg = Release|x86
		{8088500F-D140-470F-A4FF-42D52FCCC4C3}.Release|x86.Build.0 = Release|x86
		{DCA0E7D4-4317-40CF-9094-7FAD8CEE0F53}.Debug|Any CPU.ActiveCfg = Debug|Any CPU
		{DCA0E7D4-4317-40CF-9094-7FAD8CEE0F53}.Debug|Any CPU.Build.0 = Debug|Any CPU
		{DCA0E7D4-4317-40CF-9094-7FAD8CEE0F53}.Debug|x64.ActiveCfg = Debug|Any CPU
		{DCA0E7D4-4317-40CF-9094-7FAD8CEE0F53}.Debug|x64.Build.0 = Debug|Any CPU
		{DCA0E7D4-4317-40CF-9094-7FAD8CEE0F53}.Debug|x86.ActiveCfg = Debug|Any CPU
		{DCA0E7D4-4317-40CF-9094-7FAD8CEE0F53}.Debug|x86.Build.0 = Debug|Any CPU
		{DCA0E7D4-4317-40CF-9094-7FAD8CEE0F53}.Release|Any CPU.ActiveCfg = Release|Any CPU
		{DCA0E7D4-4317-40CF-9094-7FAD8CEE0F53}.Release|Any CPU.Build.0 = Release|Any CPU
		{DCA0E7D4-4317-40CF-9094-7FAD8CEE0F53}.Release|x64.ActiveCfg = Release|Any CPU
		{DCA0E7D4-4317-40CF-9094-7FAD8CEE0F53}.Release|x64.Build.0 = Release|Any CPU
		{DCA0E7D4-4317-40CF-9094-7FAD8CEE0F53}.Release|x86.ActiveCfg = Release|Any CPU
		{DCA0E7D4-4317-40CF-9094-7FAD8CEE0F53}.Release|x86.Build.0 = Release|Any CPU
		{0309AB82-A48E-4CB0-AE2F-276B96D61FDA}.Debug|Any CPU.ActiveCfg = Debug|Any CPU
		{0309AB82-A48E-4CB0-AE2F-276B96D61FDA}.Debug|Any CPU.Build.0 = Debug|Any CPU
		{0309AB82-A48E-4CB0-AE2F-276B96D61FDA}.Debug|x64.ActiveCfg = Debug|Any CPU
		{0309AB82-A48E-4CB0-AE2F-276B96D61FDA}.Debug|x64.Build.0 = Debug|Any CPU
		{0309AB82-A48E-4CB0-AE2F-276B96D61FDA}.Debug|x86.ActiveCfg = Debug|Any CPU
		{0309AB82-A48E-4CB0-AE2F-276B96D61FDA}.Debug|x86.Build.0 = Debug|Any CPU
		{0309AB82-A48E-4CB0-AE2F-276B96D61FDA}.Release|Any CPU.ActiveCfg = Release|Any CPU
		{0309AB82-A48E-4CB0-AE2F-276B96D61FDA}.Release|Any CPU.Build.0 = Release|Any CPU
		{0309AB82-A48E-4CB0-AE2F-276B96D61FDA}.Release|x64.ActiveCfg = Release|Any CPU
		{0309AB82-A48E-4CB0-AE2F-276B96D61FDA}.Release|x64.Build.0 = Release|Any CPU
		{0309AB82-A48E-4CB0-AE2F-276B96D61FDA}.Release|x86.ActiveCfg = Release|Any CPU
		{0309AB82-A48E-4CB0-AE2F-276B96D61FDA}.Release|x86.Build.0 = Release|Any CPU
		{D0EA0A87-4E12-4819-956C-150696A86EEA}.Debug|Any CPU.ActiveCfg = Debug|Any CPU
		{D0EA0A87-4E12-4819-956C-150696A86EEA}.Debug|Any CPU.Build.0 = Debug|Any CPU
		{D0EA0A87-4E12-4819-956C-150696A86EEA}.Debug|x64.ActiveCfg = Debug|Any CPU
		{D0EA0A87-4E12-4819-956C-150696A86EEA}.Debug|x64.Build.0 = Debug|Any CPU
		{D0EA0A87-4E12-4819-956C-150696A86EEA}.Debug|x86.ActiveCfg = Debug|Any CPU
		{D0EA0A87-4E12-4819-956C-150696A86EEA}.Debug|x86.Build.0 = Debug|Any CPU
		{D0EA0A87-4E12-4819-956C-150696A86EEA}.Release|Any CPU.ActiveCfg = Release|Any CPU
		{D0EA0A87-4E12-4819-956C-150696A86EEA}.Release|Any CPU.Build.0 = Release|Any CPU
		{D0EA0A87-4E12-4819-956C-150696A86EEA}.Release|x64.ActiveCfg = Release|Any CPU
		{D0EA0A87-4E12-4819-956C-150696A86EEA}.Release|x64.Build.0 = Release|Any CPU
		{D0EA0A87-4E12-4819-956C-150696A86EEA}.Release|x86.ActiveCfg = Release|Any CPU
		{D0EA0A87-4E12-4819-956C-150696A86EEA}.Release|x86.Build.0 = Release|Any CPU
		{B3245555-0F07-4F73-B7D5-A897CE16EAF8}.Debug|Any CPU.ActiveCfg = Debug|Any CPU
		{B3245555-0F07-4F73-B7D5-A897CE16EAF8}.Debug|Any CPU.Build.0 = Debug|Any CPU
		{B3245555-0F07-4F73-B7D5-A897CE16EAF8}.Debug|x64.ActiveCfg = Debug|Any CPU
		{B3245555-0F07-4F73-B7D5-A897CE16EAF8}.Debug|x64.Build.0 = Debug|Any CPU
		{B3245555-0F07-4F73-B7D5-A897CE16EAF8}.Debug|x86.ActiveCfg = Debug|Any CPU
		{B3245555-0F07-4F73-B7D5-A897CE16EAF8}.Debug|x86.Build.0 = Debug|Any CPU
		{B3245555-0F07-4F73-B7D5-A897CE16EAF8}.Release|Any CPU.ActiveCfg = Release|Any CPU
		{B3245555-0F07-4F73-B7D5-A897CE16EAF8}.Release|Any CPU.Build.0 = Release|Any CPU
		{B3245555-0F07-4F73-B7D5-A897CE16EAF8}.Release|x64.ActiveCfg = Release|Any CPU
		{B3245555-0F07-4F73-B7D5-A897CE16EAF8}.Release|x64.Build.0 = Release|Any CPU
		{B3245555-0F07-4F73-B7D5-A897CE16EAF8}.Release|x86.ActiveCfg = Release|Any CPU
		{B3245555-0F07-4F73-B7D5-A897CE16EAF8}.Release|x86.Build.0 = Release|Any CPU
		{FA4CEB37-0E69-48B7-BA67-BD72A317CD59}.Debug|Any CPU.ActiveCfg = Debug|Any CPU
		{FA4CEB37-0E69-48B7-BA67-BD72A317CD59}.Debug|Any CPU.Build.0 = Debug|Any CPU
		{FA4CEB37-0E69-48B7-BA67-BD72A317CD59}.Debug|x64.ActiveCfg = Debug|Any CPU
		{FA4CEB37-0E69-48B7-BA67-BD72A317CD59}.Debug|x64.Build.0 = Debug|Any CPU
		{FA4CEB37-0E69-48B7-BA67-BD72A317CD59}.Debug|x86.ActiveCfg = Debug|Any CPU
		{FA4CEB37-0E69-48B7-BA67-BD72A317CD59}.Debug|x86.Build.0 = Debug|Any CPU
		{FA4CEB37-0E69-48B7-BA67-BD72A317CD59}.Release|Any CPU.ActiveCfg = Release|Any CPU
		{FA4CEB37-0E69-48B7-BA67-BD72A317CD59}.Release|Any CPU.Build.0 = Release|Any CPU
		{FA4CEB37-0E69-48B7-BA67-BD72A317CD59}.Release|x64.ActiveCfg = Release|Any CPU
		{FA4CEB37-0E69-48B7-BA67-BD72A317CD59}.Release|x64.Build.0 = Release|Any CPU
		{FA4CEB37-0E69-48B7-BA67-BD72A317CD59}.Release|x86.ActiveCfg = Release|Any CPU
		{FA4CEB37-0E69-48B7-BA67-BD72A317CD59}.Release|x86.Build.0 = Release|Any CPU
		{9E05D6C7-E783-4400-A1F4-14485F606170}.Debug|Any CPU.ActiveCfg = Debug|Any CPU
		{9E05D6C7-E783-4400-A1F4-14485F606170}.Debug|Any CPU.Build.0 = Debug|Any CPU
		{9E05D6C7-E783-4400-A1F4-14485F606170}.Debug|x64.ActiveCfg = Debug|Any CPU
		{9E05D6C7-E783-4400-A1F4-14485F606170}.Debug|x64.Build.0 = Debug|Any CPU
		{9E05D6C7-E783-4400-A1F4-14485F606170}.Debug|x86.ActiveCfg = Debug|Any CPU
		{9E05D6C7-E783-4400-A1F4-14485F606170}.Debug|x86.Build.0 = Debug|Any CPU
		{9E05D6C7-E783-4400-A1F4-14485F606170}.Release|Any CPU.ActiveCfg = Release|Any CPU
		{9E05D6C7-E783-4400-A1F4-14485F606170}.Release|Any CPU.Build.0 = Release|Any CPU
		{9E05D6C7-E783-4400-A1F4-14485F606170}.Release|x64.ActiveCfg = Release|Any CPU
		{9E05D6C7-E783-4400-A1F4-14485F606170}.Release|x64.Build.0 = Release|Any CPU
		{9E05D6C7-E783-4400-A1F4-14485F606170}.Release|x86.ActiveCfg = Release|Any CPU
		{9E05D6C7-E783-4400-A1F4-14485F606170}.Release|x86.Build.0 = Release|Any CPU
	EndGlobalSection
	GlobalSection(SolutionProperties) = preSolution
		HideSolutionNode = FALSE
	EndGlobalSection
	GlobalSection(NestedProjects) = preSolution
		{8088500F-D140-470F-A4FF-42D52FCCC4C3} = {43AE8254-403E-4B10-8130-09F008EBEE96}
		{D0EA0A87-4E12-4819-956C-150696A86EEA} = {225B030F-6EA4-4E94-BDC1-25416F7AFD72}
		{43AE8254-403E-4B10-8130-09F008EBEE96} = {F3FE7F6A-4527-471E-AA06-B9486DB6FA44}
		{B3245555-0F07-4F73-B7D5-A897CE16EAF8} = {43AE8254-403E-4B10-8130-09F008EBEE96}
		{FA4CEB37-0E69-48B7-BA67-BD72A317CD59} = {43AE8254-403E-4B10-8130-09F008EBEE96}
		{1297F210-B19B-40B7-9174-3692E761B2DB} = {F3FE7F6A-4527-471E-AA06-B9486DB6FA44}
		{BFEB020B-435B-4D73-BF8F-8E559C42173B} = {1297F210-B19B-40B7-9174-3692E761B2DB}
		{9E05D6C7-E783-4400-A1F4-14485F606170} = {43AE8254-403E-4B10-8130-09F008EBEE96}
	EndGlobalSection
	GlobalSection(ExtensibilityGlobals) = postSolution
		SolutionGuid = {03097C44-ADB5-49F7-980C-E0F47942D559}
	EndGlobalSection
EndGlobal
